
Microsoft Visual Studio Solution File, Format Version 12.00
# Visual Studio Version 17
VisualStudioVersion = 17.8.34330.188
MinimumVisualStudioVersion = 10.0.40219.1
Project("{FAE04EC0-301F-11D3-BF4B-00C04F79EFBC}") = "PMS", "PMS\PMS.csproj", "{29A68115-ABFC-4336-8BB8-4F39AF0EDE80}"
EndProject
Global
	GlobalSection(SolutionConfigurationPlatforms) = preSolution
		Debug|Any CPU = Debug|Any CPU
		Release|Any CPU = Release|Any CPU
	EndGlobalSection
	GlobalSection(ProjectConfigurationPlatforms) = postSolution
		{29A68115-ABFC-4336-8BB8-4F39AF0EDE80}.Debug|Any CPU.ActiveCfg = Debug|Any CPU
		{29A68115-ABFC-4336-8BB8-4F39AF0EDE80}.Debug|Any CPU.Build.0 = Debug|Any CPU
		{29A68115-ABFC-4336-8BB8-4F39AF0EDE80}.Release|Any CPU.ActiveCfg = Release|Any CPU
		{29A68115-ABFC-4336-8BB8-4F39AF0EDE80}.Release|Any CPU.Build.0 = Release|Any CPU
	EndGlobalSection
	GlobalSection(SolutionProperties) = preSolution
		HideSolutionNode = FALSE
	EndGlobalSection
	GlobalSection(ExtensibilityGlobals) = postSolution
		SolutionGuid = {99F6EAE7-6F3B-4CAE-A2C8-0F1A9DD9B2CE}
	EndGlobalSection
EndGlobal
